// !$*UTF8*$!
{
	archiveVersion = 1;
	classes = {
	};
	objectVersion = 46;
	objects = {

/* Begin PBXBuildFile section */
		4D362FED1C6078E1000F323B /* main.m in Sources */ = {isa = PBXBuildFile; fileRef = 4D362FEC1C6078E1000F323B /* main.m */; };
		4D362FF01C6078E1000F323B /* AppDelegate.m in Sources */ = {isa = PBXBuildFile; fileRef = 4D362FEF1C6078E1000F323B /* AppDelegate.m */; };
		4D362FF31C6078E1000F323B /* ViewController.m in Sources */ = {isa = PBXBuildFile; fileRef = 4D362FF21C6078E1000F323B /* ViewController.m */; };
		4D362FF61C6078E1000F323B /* Main.storyboard in Resources */ = {isa = PBXBuildFile; fileRef = 4D362FF41C6078E1000F323B /* Main.storyboard */; };
		4D362FF81C6078E1000F323B /* Assets.xcassets in Resources */ = {isa = PBXBuildFile; fileRef = 4D362FF71C6078E1000F323B /* Assets.xcassets */; };
		4D362FFB1C6078E1000F323B /* LaunchScreen.storyboard in Resources */ = {isa = PBXBuildFile; fileRef = 4D362FF91C6078E1000F323B /* LaunchScreen.storyboard */; };
		4D3630061C6078E1000F323B /* test_gwpkitTests.m in Sources */ = {isa = PBXBuildFile; fileRef = 4D3630051C6078E1000F323B /* test_gwpkitTests.m */; };
		4D3630111C6078E1000F323B /* test_gwpkitUITests.m in Sources */ = {isa = PBXBuildFile; fileRef = 4D3630101C6078E1000F323B /* test_gwpkitUITests.m */; };
		DD62FFD3DA3356AA5EAD0FF7 /* libPods.a in Frameworks */ = {isa = PBXBuildFile; fileRef = 75A0722B4F393A9A5CBA1103 /* libPods.a */; };
/* End PBXBuildFile section */

/* Begin PBXContainerItemProxy section */
		4D3630021C6078E1000F323B /* PBXContainerItemProxy */ = {
			isa = PBXContainerItemProxy;
			containerPortal = 4D362FE01C6078E1000F323B /* Project object */;
			proxyType = 1;
			remoteGlobalIDString = 4D362FE71C6078E1000F323B;
			remoteInfo = "test-gwpkit";
		};
		4D36300D1C6078E1000F323B /* PBXContainerItemProxy */ = {
			isa = PBXContainerItemProxy;
			containerPortal = 4D362FE01C6078E1000F323B /* Project object */;
			proxyType = 1;
			remoteGlobalIDString = 4D362FE71C6078E1000F323B;
			remoteInfo = "test-gwpkit";
		};
/* End PBXContainerItemProxy section */

/* Begin PBXFileReference section */
		4D362FE81C6078E1000F323B /* test-gwpkit.app */ = {isa = PBXFileReference; explicitFileType = wrapper.application; includeInIndex = 0; path = "test-gwpkit.app"; sourceTree = BUILT_PRODUCTS_DIR; };
		4D362FEC1C6078E1000F323B /* main.m */ = {isa = PBXFileReference; lastKnownFileType = sourcecode.c.objc; path = main.m; sourceTree = "<group>"; };
		4D362FEE1C6078E1000F323B /* AppDelegate.h */ = {isa = PBXFileReference; lastKnownFileType = sourcecode.c.h; path = AppDelegate.h; sourceTree = "<group>"; };
		4D362FEF1C6078E1000F323B /* AppDelegate.m */ = {isa = PBXFileReference; lastKnownFileType = sourcecode.c.objc; path = AppDelegate.m; sourceTree = "<group>"; };
		4D362FF11C6078E1000F323B /* ViewController.h */ = {isa = PBXFileReference; lastKnownFileType = sourcecode.c.h; path = ViewController.h; sourceTree = "<group>"; };
		4D362FF21C6078E1000F323B /* ViewController.m */ = {isa = PBXFileReference; lastKnownFileType = sourcecode.c.objc; path = ViewController.m; sourceTree = "<group>"; };
		4D362FF51C6078E1000F323B /* Base */ = {isa = PBXFileReference; lastKnownFileType = file.storyboard; name = Base; path = Base.lproj/Main.storyboard; sourceTree = "<group>"; };
		4D362FF71C6078E1000F323B /* Assets.xcassets */ = {isa = PBXFileReference; lastKnownFileType = folder.assetcatalog; path = Assets.xcassets; sourceTree = "<group>"; };
		4D362FFA1C6078E1000F323B /* Base */ = {isa = PBXFileReference; lastKnownFileType = file.storyboard; name = Base; path = Base.lproj/LaunchScreen.storyboard; sourceTree = "<group>"; };
		4D362FFC1C6078E1000F323B /* Info.plist */ = {isa = PBXFileReference; lastKnownFileType = text.plist.xml; path = Info.plist; sourceTree = "<group>"; };
		4D3630011C6078E1000F323B /* test-gwpkitTests.xctest */ = {isa = PBXFileReference; explicitFileType = wrapper.cfbundle; includeInIndex = 0; path = "test-gwpkitTests.xctest"; sourceTree = BUILT_PRODUCTS_DIR; };
		4D3630051C6078E1000F323B /* test_gwpkitTests.m */ = {isa = PBXFileReference; lastKnownFileType = sourcecode.c.objc; path = test_gwpkitTests.m; sourceTree = "<group>"; };
		4D3630071C6078E1000F323B /* Info.plist */ = {isa = PBXFileReference; lastKnownFileType = text.plist.xml; path = Info.plist; sourceTree = "<group>"; };
		4D36300C1C6078E1000F323B /* test-gwpkitUITests.xctest */ = {isa = PBXFileReference; explicitFileType = wrapper.cfbundle; includeInIndex = 0; path = "test-gwpkitUITests.xctest"; sourceTree = BUILT_PRODUCTS_DIR; };
		4D3630101C6078E1000F323B /* test_gwpkitUITests.m */ = {isa = PBXFileReference; lastKnownFileType = sourcecode.c.objc; path = test_gwpkitUITests.m; sourceTree = "<group>"; };
		4D3630121C6078E1000F323B /* Info.plist */ = {isa = PBXFileReference; lastKnownFileType = text.plist.xml; path = Info.plist; sourceTree = "<group>"; };
		5B8A8F59C77C82282958D38E /* Pods.release.xcconfig */ = {isa = PBXFileReference; includeInIndex = 1; lastKnownFileType = text.xcconfig; name = Pods.release.xcconfig; path = "Pods/Target Support Files/Pods/Pods.release.xcconfig"; sourceTree = "<group>"; };
		75A0722B4F393A9A5CBA1103 /* libPods.a */ = {isa = PBXFileReference; explicitFileType = archive.ar; includeInIndex = 0; path = libPods.a; sourceTree = BUILT_PRODUCTS_DIR; };
		A4AAB2DE9DC4C8FBA0AA87AF /* Pods.debug.xcconfig */ = {isa = PBXFileReference; includeInIndex = 1; lastKnownFileType = text.xcconfig; name = Pods.debug.xcconfig; path = "Pods/Target Support Files/Pods/Pods.debug.xcconfig"; sourceTree = "<group>"; };
/* End PBXFileReference section */

/* Begin PBXFrameworksBuildPhase section */
		4D362FE51C6078E1000F323B /* Frameworks */ = {
			isa = PBXFrameworksBuildPhase;
			buildActionMask = 2147483647;
			files = (
				DD62FFD3DA3356AA5EAD0FF7 /* libPods.a in Frameworks */,
			);
			runOnlyForDeploymentPostprocessing = 0;
		};
		4D362FFE1C6078E1000F323B /* Frameworks */ = {
			isa = PBXFrameworksBuildPhase;
			buildActionMask = 2147483647;
			files = (
			);
			runOnlyForDeploymentPostprocessing = 0;
		};
		4D3630091C6078E1000F323B /* Frameworks */ = {
			isa = PBXFrameworksBuildPhase;
			buildActionMask = 2147483647;
			files = (
			);
			runOnlyForDeploymentPostprocessing = 0;
		};
/* End PBXFrameworksBuildPhase section */

/* Begin PBXGroup section */
		4D362FDF1C6078E1000F323B = {
			isa = PBXGroup;
			children = (
				4D362FEA1C6078E1000F323B /* test-gwpkit */,
				4D3630041C6078E1000F323B /* test-gwpkitTests */,
				4D36300F1C6078E1000F323B /* test-gwpkitUITests */,
				4D362FE91C6078E1000F323B /* Products */,
				C857E36DB610E0D282F3E956 /* Pods */,
				CC3E39C12EC8DFDFC40BFF4F /* Frameworks */,
			);
			sourceTree = "<group>";
		};
		4D362FE91C6078E1000F323B /* Products */ = {
			isa = PBXGroup;
			children = (
				4D362FE81C6078E1000F323B /* test-gwpkit.app */,
				4D3630011C6078E1000F323B /* test-gwpkitTests.xctest */,
				4D36300C1C6078E1000F323B /* test-gwpkitUITests.xctest */,
			);
			name = Products;
			sourceTree = "<group>";
		};
		4D362FEA1C6078E1000F323B /* test-gwpkit */ = {
			isa = PBXGroup;
			children = (
				4D362FEE1C6078E1000F323B /* AppDelegate.h */,
				4D362FEF1C6078E1000F323B /* AppDelegate.m */,
				4D362FF11C6078E1000F323B /* ViewController.h */,
				4D362FF21C6078E1000F323B /* ViewController.m */,
				4D362FF41C6078E1000F323B /* Main.storyboard */,
				4D362FF71C6078E1000F323B /* Assets.xcassets */,
				4D362FF91C6078E1000F323B /* LaunchScreen.storyboard */,
				4D362FFC1C6078E1000F323B /* Info.plist */,
				4D362FEB1C6078E1000F323B /* Supporting Files */,
			);
			path = "test-gwpkit";
			sourceTree = "<group>";
		};
		4D362FEB1C6078E1000F323B /* Supporting Files */ = {
			isa = PBXGroup;
			children = (
				4D362FEC1C6078E1000F323B /* main.m */,
			);
			name = "Supporting Files";
			sourceTree = "<group>";
		};
		4D3630041C6078E1000F323B /* test-gwpkitTests */ = {
			isa = PBXGroup;
			children = (
				4D3630051C6078E1000F323B /* test_gwpkitTests.m */,
				4D3630071C6078E1000F323B /* Info.plist */,
			);
			path = "test-gwpkitTests";
			sourceTree = "<group>";
		};
		4D36300F1C6078E1000F323B /* test-gwpkitUITests */ = {
			isa = PBXGroup;
			children = (
				4D3630101C6078E1000F323B /* test_gwpkitUITests.m */,
				4D3630121C6078E1000F323B /* Info.plist */,
			);
			path = "test-gwpkitUITests";
			sourceTree = "<group>";
		};
		C857E36DB610E0D282F3E956 /* Pods */ = {
			isa = PBXGroup;
			children = (
				A4AAB2DE9DC4C8FBA0AA87AF /* Pods.debug.xcconfig */,
				5B8A8F59C77C82282958D38E /* Pods.release.xcconfig */,
			);
			name = Pods;
			sourceTree = "<group>";
		};
		CC3E39C12EC8DFDFC40BFF4F /* Frameworks */ = {
			isa = PBXGroup;
			children = (
				75A0722B4F393A9A5CBA1103 /* libPods.a */,
			);
			name = Frameworks;
			sourceTree = "<group>";
		};
/* End PBXGroup section */

/* Begin PBXNativeTarget section */
		4D362FE71C6078E1000F323B /* test-gwpkit */ = {
			isa = PBXNativeTarget;
			buildConfigurationList = 4D3630151C6078E1000F323B /* Build configuration list for PBXNativeTarget "test-gwpkit" */;
			buildPhases = (
				B640297027AA49855B388979 /* Check Pods Manifest.lock */,
				4D362FE41C6078E1000F323B /* Sources */,
				4D362FE51C6078E1000F323B /* Frameworks */,
				4D362FE61C6078E1000F323B /* Resources */,
				C3B662A35D49FE02A8A6183B /* Embed Pods Frameworks */,
				B8E8F3A92B4D8FE09987E68E /* Copy Pods Resources */,
			);
			buildRules = (
			);
			dependencies = (
			);
			name = "test-gwpkit";
			productName = "test-gwpkit";
			productReference = 4D362FE81C6078E1000F323B /* test-gwpkit.app */;
			productType = "com.apple.product-type.application";
		};
		4D3630001C6078E1000F323B /* test-gwpkitTests */ = {
			isa = PBXNativeTarget;
			buildConfigurationList = 4D3630181C6078E1000F323B /* Build configuration list for PBXNativeTarget "test-gwpkitTests" */;
			buildPhases = (
				4D362FFD1C6078E1000F323B /* Sources */,
				4D362FFE1C6078E1000F323B /* Frameworks */,
				4D362FFF1C6078E1000F323B /* Resources */,
			);
			buildRules = (
			);
			dependencies = (
				4D3630031C6078E1000F323B /* PBXTargetDependency */,
			);
			name = "test-gwpkitTests";
			productName = "test-gwpkitTests";
			productReference = 4D3630011C6078E1000F323B /* test-gwpkitTests.xctest */;
			productType = "com.apple.product-type.bundle.unit-test";
		};
		4D36300B1C6078E1000F323B /* test-gwpkitUITests */ = {
			isa = PBXNativeTarget;
			buildConfigurationList = 4D36301B1C6078E1000F323B /* Build configuration list for PBXNativeTarget "test-gwpkitUITests" */;
			buildPhases = (
				4D3630081C6078E1000F323B /* Sources */,
				4D3630091C6078E1000F323B /* Frameworks */,
				4D36300A1C6078E1000F323B /* Resources */,
			);
			buildRules = (
			);
			dependencies = (
				4D36300E1C6078E1000F323B /* PBXTargetDependency */,
			);
			name = "test-gwpkitUITests";
			productName = "test-gwpkitUITests";
			productReference = 4D36300C1C6078E1000F323B /* test-gwpkitUITests.xctest */;
			productType = "com.apple.product-type.bundle.ui-testing";
		};
/* End PBXNativeTarget section */

/* Begin PBXProject section */
		4D362FE01C6078E1000F323B /* Project object */ = {
			isa = PBXProject;
			attributes = {
				LastUpgradeCheck = 0720;
				ORGANIZATIONNAME = GanWenPeng;
				TargetAttributes = {
					4D362FE71C6078E1000F323B = {
						CreatedOnToolsVersion = 7.2;
					};
					4D3630001C6078E1000F323B = {
						CreatedOnToolsVersion = 7.2;
						TestTargetID = 4D362FE71C6078E1000F323B;
					};
					4D36300B1C6078E1000F323B = {
						CreatedOnToolsVersion = 7.2;
						TestTargetID = 4D362FE71C6078E1000F323B;
					};
				};
			};
			buildConfigurationList = 4D362FE31C6078E1000F323B /* Build configuration list for PBXProject "test-gwpkit" */;
			compatibilityVersion = "Xcode 3.2";
			developmentRegion = English;
			hasScannedForEncodings = 0;
			knownRegions = (
				en,
				Base,
			);
			mainGroup = 4D362FDF1C6078E1000F323B;
			productRefGroup = 4D362FE91C6078E1000F323B /* Products */;
			projectDirPath = "";
			projectRoot = "";
			targets = (
				4D362FE71C6078E1000F323B /* test-gwpkit */,
				4D3630001C6078E1000F323B /* test-gwpkitTests */,
				4D36300B1C6078E1000F323B /* test-gwpkitUITests */,
			);
		};
/* End PBXProject section */

/* Begin PBXResourcesBuildPhase section */
		4D362FE61C6078E1000F323B /* Resources */ = {
			isa = PBXResourcesBuildPhase;
			buildActionMask = 2147483647;
			files = (
				4D362FFB1C6078E1000F323B /* LaunchScreen.storyboard in Resources */,
				4D362FF81C6078E1000F323B /* Assets.xcassets in Resources */,
				4D362FF61C6078E1000F323B /* Main.storyboard in Resources */,
			);
			runOnlyForDeploymentPostprocessing = 0;
		};
		4D362FFF1C6078E1000F323B /* Resources */ = {
			isa = PBXResourcesBuildPhase;
			buildActionMask = 2147483647;
			files = (
			);
			runOnlyForDeploymentPostprocessing = 0;
		};
		4D36300A1C6078E1000F323B /* Resources */ = {
			isa = PBXResourcesBuildPhase;
			buildActionMask = 2147483647;
			files = (
			);
			runOnlyForDeploymentPostprocessing = 0;
		};
/* End PBXResourcesBuildPhase section */

/* Begin PBXShellScriptBuildPhase section */
		B640297027AA49855B388979 /* Check Pods Manifest.lock */ = {
			isa = PBXShellScriptBuildPhase;
			buildActionMask = 2147483647;
			files = (
			);
			inputPaths = (
			);
			name = "Check Pods Manifest.lock";
			outputPaths = (
			);
			runOnlyForDeploymentPostprocessing = 0;
			shellPath = /bin/sh;
			shellScript = "diff \"${PODS_ROOT}/../Podfile.lock\" \"${PODS_ROOT}/Manifest.lock\" > /dev/null\nif [[ $? != 0 ]] ; then\n    cat << EOM\nerror: The sandbox is not in sync with the Podfile.lock. Run 'pod install' or update your CocoaPods installation.\nEOM\n    exit 1\nfi\n";
			showEnvVarsInLog = 0;
		};
		B8E8F3A92B4D8FE09987E68E /* Copy Pods Resources */ = {
			isa = PBXShellScriptBuildPhase;
			buildActionMask = 2147483647;
			files = (
			);
			inputPaths = (
			);
			name = "Copy Pods Resources";
			outputPaths = (
			);
			runOnlyForDeploymentPostprocessing = 0;
			shellPath = /bin/sh;
			shellScript = "\"${SRCROOT}/Pods/Target Support Files/Pods/Pods-resources.sh\"\n";
			showEnvVarsInLog = 0;
		};
		C3B662A35D49FE02A8A6183B /* Embed Pods Frameworks */ = {
			isa = PBXShellScriptBuildPhase;
			buildActionMask = 2147483647;
			files = (
			);
			inputPaths = (
			);
			name = "Embed Pods Frameworks";
			outputPaths = (
			);
			runOnlyForDeploymentPostprocessing = 0;
			shellPath = /bin/sh;
			shellScript = "\"${SRCROOT}/Pods/Target Support Files/Pods/Pods-frameworks.sh\"\n";
			showEnvVarsInLog = 0;
		};
/* End PBXShellScriptBuildPhase section */

/* Begin PBXSourcesBuildPhase section */
		4D362FE41C6078E1000F323B /* Sources */ = {
			isa = PBXSourcesBuildPhase;
			buildActionMask = 2147483647;
			files = (
				4D362FF31C6078E1000F323B /* ViewController.m in Sources */,
				4D362FF01C6078E1000F323B /* AppDelegate.m in Sources */,
				4D362FED1C6078E1000F323B /* main.m in Sources */,
			);
			runOnlyForDeploymentPostprocessing = 0;
		};
		4D362FFD1C6078E1000F323B /* Sources */ = {
			isa = PBXSourcesBuildPhase;
			buildActionMask = 2147483647;
			files = (
				4D3630061C6078E1000F323B /* test_gwpkitTests.m in Sources */,
			);
			runOnlyForDeploymentPostprocessing = 0;
		};
		4D3630081C6078E1000F323B /* Sources */ = {
			isa = PBXSourcesBuildPhase;
			buildActionMask = 2147483647;
			files = (
				4D3630111C6078E1000F323B /* test_gwpkitUITests.m in Sources */,
			);
			runOnlyForDeploymentPostprocessing = 0;
		};
/* End PBXSourcesBuildPhase section */

/* Begin PBXTargetDependency section */
		4D3630031C6078E1000F323B /* PBXTargetDependency */ = {
			isa = PBXTargetDependency;
			target = 4D362FE71C6078E1000F323B /* test-gwpkit */;
			targetProxy = 4D3630021C6078E1000F323B /* PBXContainerItemProxy */;
		};
		4D36300E1C6078E1000F323B /* PBXTargetDependency */ = {
			isa = PBXTargetDependency;
			target = 4D362FE71C6078E1000F323B /* test-gwpkit */;
			targetProxy = 4D36300D1C6078E1000F323B /* PBXContainerItemProxy */;
		};
/* End PBXTargetDependency section */

/* Begin PBXVariantGroup section */
		4D362FF41C6078E1000F323B /* Main.storyboard */ = {
			isa = PBXVariantGroup;
			children = (
				4D362FF51C6078E1000F323B /* Base */,
			);
			name = Main.storyboard;
			sourceTree = "<group>";
		};
		4D362FF91C6078E1000F323B /* LaunchScreen.storyboard */ = {
			isa = PBXVariantGroup;
			children = (
				4D362FFA1C6078E1000F323B /* Base */,
			);
			name = LaunchScreen.storyboard;
			sourceTree = "<group>";
		};
/* End PBXVariantGroup section */

/* Begin XCBuildConfiguration section */
		4D3630131C6078E1000F323B /* Debug */ = {
			isa = XCBuildConfiguration;
			buildSettings = {
				ALWAYS_SEARCH_USER_PATHS = NO;
				CLANG_CXX_LANGUAGE_STANDARD = "gnu++0x";
				CLANG_CXX_LIBRARY = "libc++";
				CLANG_ENABLE_MODULES = YES;
				CLANG_ENABLE_OBJC_ARC = YES;
				CLANG_WARN_BOOL_CONVERSION = YES;
				CLANG_WARN_CONSTANT_CONVERSION = YES;
				CLANG_WARN_DIRECT_OBJC_ISA_USAGE = YES_ERROR;
				CLANG_WARN_EMPTY_BODY = YES;
				CLANG_WARN_ENUM_CONVERSION = YES;
				CLANG_WARN_INT_CONVERSION = YES;
				CLANG_WARN_OBJC_ROOT_CLASS = YES_ERROR;
				CLANG_WARN_UNREACHABLE_CODE = YES;
				CLANG_WARN__DUPLICATE_METHOD_MATCH = YES;
				"CODE_SIGN_IDENTITY[sdk=iphoneos*]" = "iPhone Developer";
				COPY_PHASE_STRIP = NO;
				DEBUG_INFORMATION_FORMAT = dwarf;
				ENABLE_STRICT_OBJC_MSGSEND = YES;
				ENABLE_TESTABILITY = YES;
				GCC_C_LANGUAGE_STANDARD = gnu99;
				GCC_DYNAMIC_NO_PIC = NO;
				GCC_NO_COMMON_BLOCKS = YES;
				GCC_OPTIMIZATION_LEVEL = 0;
				GCC_PREPROCESSOR_DEFINITIONS = (
					"DEBUG=1",
					"$(inherited)",
				);
				GCC_WARN_64_TO_32_BIT_CONVERSION = YES;
				GCC_WARN_ABOUT_RETURN_TYPE = YES_ERROR;
				GCC_WARN_UNDECLARED_SELECTOR = YES;
				GCC_WARN_UNINITIALIZED_AUTOS = YES_AGGRESSIVE;
				GCC_WARN_UNUSED_FUNCTION = YES;
				GCC_WARN_UNUSED_VARIABLE = YES;
				IPHONEOS_DEPLOYMENT_TARGET = 9.2;
				MTL_ENABLE_DEBUG_INFO = YES;
				ONLY_ACTIVE_ARCH = YES;
				SDKROOT = iphoneos;
			};
			name = Debug;
		};
		4D3630141C6078E1000F323B /* Release */ = {
			isa = XCBuildConfiguration;
			buildSettings = {
				ALWAYS_SEARCH_USER_PATHS = NO;
				CLANG_CXX_LANGUAGE_STANDARD = "gnu++0x";
				CLANG_CXX_LIBRARY = "libc++";
				CLANG_ENABLE_MODULES = YES;
				CLANG_ENABLE_OBJC_ARC = YES;
				CLANG_WARN_BOOL_CONVERSION = YES;
				CLANG_WARN_CONSTANT_CONVERSION = YES;
				CLANG_WARN_DIRECT_OBJC_ISA_USAGE = YES_ERROR;
				CLANG_WARN_EMPTY_BODY = YES;
				CLANG_WARN_ENUM_CONVERSION = YES;
				CLANG_WARN_INT_CONVERSION = YES;
				CLANG_WARN_OBJC_ROOT_CLASS = YES_ERROR;
				CLANG_WARN_UNREACHABLE_CODE = YES;
				CLANG_WARN__DUPLICATE_METHOD_MATCH = YES;
				"CODE_SIGN_IDENTITY[sdk=iphoneos*]" = "iPhone Developer";
				COPY_PHASE_STRIP = NO;
				DEBUG_INFORMATION_FORMAT = "dwarf-with-dsym";
				ENABLE_NS_ASSERTIONS = NO;
				ENABLE_STRICT_OBJC_MSGSEND = YES;
				GCC_C_LANGUAGE_STANDARD = gnu99;
				GCC_NO_COMMON_BLOCKS = YES;
				GCC_WARN_64_TO_32_BIT_CONVERSION = YES;
				GCC_WARN_ABOUT_RETURN_TYPE = YES_ERROR;
				GCC_WARN_UNDECLARED_SELECTOR = YES;
				GCC_WARN_UNINITIALIZED_AUTOS = YES_AGGRESSIVE;
				GCC_WARN_UNUSED_FUNCTION = YES;
				GCC_WARN_UNUSED_VARIABLE = YES;
				IPHONEOS_DEPLOYMENT_TARGET = 9.2;
				MTL_ENABLE_DEBUG_INFO = NO;
				SDKROOT = iphoneos;
				VALIDATE_PRODUCT = YES;
			};
			name = Release;
		};
		4D3630161C6078E1000F323B /* Debug */ = {
			isa = XCBuildConfiguration;
			baseConfigurationReference = A4AAB2DE9DC4C8FBA0AA87AF /* Pods.debug.xcconfig */;
			buildSettings = {
				ASSETCATALOG_COMPILER_APPICON_NAME = AppIcon;
				INFOPLIST_FILE = "test-gwpkit/Info.plist";
				LD_RUNPATH_SEARCH_PATHS = "$(inherited) @executable_path/Frameworks";
				PRODUCT_BUNDLE_IDENTIFIER = "com.ganwenpeng.test-gwpkit";
				PRODUCT_NAME = "$(TARGET_NAME)";
			};
			name = Debug;
		};
		4D3630171C6078E1000F323B /* Release */ = {
			isa = XCBuildConfiguration;
			baseConfigurationReference = 5B8A8F59C77C82282958D38E /* Pods.release.xcconfig */;
			buildSettings = {
				ASSETCATALOG_COMPILER_APPICON_NAME = AppIcon;
				INFOPLIST_FILE = "test-gwpkit/Info.plist";
				LD_RUNPATH_SEARCH_PATHS = "$(inherited) @executable_path/Frameworks";
				PRODUCT_BUNDLE_IDENTIFIER = "com.ganwenpeng.test-gwpkit";
				PRODUCT_NAME = "$(TARGET_NAME)";
			};
			name = Release;
		};
		4D3630191C6078E1000F323B /* Debug */ = {
			isa = XCBuildConfiguration;
			buildSettings = {
				BUNDLE_LOADER = "$(TEST_HOST)";
				INFOPLIST_FILE = "test-gwpkitTests/Info.plist";
				LD_RUNPATH_SEARCH_PATHS = "$(inherited) @executable_path/Frameworks @loader_path/Frameworks";
				PRODUCT_BUNDLE_IDENTIFIER = "com.ganwenpeng.test-gwpkitTests";
				PRODUCT_NAME = "$(TARGET_NAME)";
				TEST_HOST = "$(BUILT_PRODUCTS_DIR)/test-gwpkit.app/test-gwpkit";
			};
			name = Debug;
		};
		4D36301A1C6078E1000F323B /* Release */ = {
			isa = XCBuildConfiguration;
			buildSettings = {
				BUNDLE_LOADER = "$(TEST_HOST)";
				INFOPLIST_FILE = "test-gwpkitTests/Info.plist";
				LD_RUNPATH_SEARCH_PATHS = "$(inherited) @executable_path/Frameworks @loader_path/Frameworks";
				PRODUCT_BUNDLE_IDENTIFIER = "com.ganwenpeng.test-gwpkitTests";
				PRODUCT_NAME = "$(TARGET_NAME)";
				TEST_HOST = "$(BUILT_PRODUCTS_DIR)/test-gwpkit.app/test-gwpkit";
			};
			name = Release;
		};
		4D36301C1C6078E1000F323B /* Debug */ = {
			isa = XCBuildConfiguration;
			buildSettings = {
				INFOPLIST_FILE = "test-gwpkitUITests/Info.plist";
				LD_RUNPATH_SEARCH_PATHS = "$(inherited) @executable_path/Frameworks @loader_path/Frameworks";
				PRODUCT_BUNDLE_IDENTIFIER = "com.ganwenpeng.test-gwpkitUITests";
				PRODUCT_NAME = "$(TARGET_NAME)";
				TEST_TARGET_NAME = "test-gwpkit";
				USES_XCTRUNNER = YES;
			};
			name = Debug;
		};
		4D36301D1C6078E1000F323B /* Release */ = {
			isa = XCBuildConfiguration;
			buildSettings = {
				INFOPLIST_FILE = "test-gwpkitUITests/Info.plist";
				LD_RUNPATH_SEARCH_PATHS = "$(inherited) @executable_path/Frameworks @loader_path/Frameworks";
				PRODUCT_BUNDLE_IDENTIFIER = "com.ganwenpeng.test-gwpkitUITests";
				PRODUCT_NAME = "$(TARGET_NAME)";
				TEST_TARGET_NAME = "test-gwpkit";
				USES_XCTRUNNER = YES;
			};
			name = Release;
		};
/* End XCBuildConfiguration section */

/* Begin XCConfigurationList section */
		4D362FE31C6078E1000F323B /* Build configuration list for PBXProject "test-gwpkit" */ = {
			isa = XCConfigurationList;
			buildConfigurations = (
				4D3630131C6078E1000F323B /* Debug */,
				4D3630141C6078E1000F323B /* Release */,
			);
			defaultConfigurationIsVisible = 0;
			defaultConfigurationName = Release;
		};
		4D3630151C6078E1000F323B /* Build configuration list for PBXNativeTarget "test-gwpkit" */ = {
			isa = XCConfigurationList;
			buildConfigurations = (
				4D3630161C6078E1000F323B /* Debug */,
				4D3630171C6078E1000F323B /* Release */,
			);
			defaultConfigurationIsVisible = 0;
			defaultConfigurationName = Release;
		};
		4D3630181C6078E1000F323B /* Build configuration list for PBXNativeTarget "test-gwpkitTests" */ = {
			isa = XCConfigurationList;
			buildConfigurations = (
				4D3630191C6078E1000F323B /* Debug */,
				4D36301A1C6078E1000F323B /* Release */,
			);
			defaultConfigurationIsVisible = 0;
			defaultConfigurationName = Release;
		};
		4D36301B1C6078E1000F323B /* Build configuration list for PBXNativeTarget "test-gwpkitUITests" */ = {
			isa = XCConfigurationList;
			buildConfigurations = (
				4D36301C1C6078E1000F323B /* Debug */,
				4D36301D1C6078E1000F323B /* Release */,
			);
			defaultConfigurationIsVisible = 0;
			defaultConfigurationName = Release;
		};
/* End XCConfigurationList section */
	};
	rootObject = 4D362FE01C6078E1000F323B /* Project object */;
}
